PODS:
  - NSAttributedString-Utils (0.1.0)

DEPENDENCIES:
  - NSAttributedString-Utils (from `../`)

EXTERNAL SOURCES:
  NSAttributedString-Utils:
    :path: "../"

SPEC CHECKSUMS:
  NSAttributedString-Utils: 2c15da5b4f066c88fcfb33b183113182dd6373ab

PODFILE CHECKSUM: 52e64ceba570166dcdc0b0f529986681e8e47f6c

COCOAPODS: 1.6.1
